// !$*UTF8*$!
{
	archiveVersion = 1;
	classes = {
	};
	objectVersion = 50;
	objects = {

/* Begin PBXBuildFile section */
		D828285B253724C400E5F665 /* AppDelegate.swift in Sources */ = {isa = PBXBuildFile; fileRef = D828285A253724C400E5F665 /* AppDelegate.swift */; };
		D828285D253724C400E5F665 /* SceneDelegate.swift in Sources */ = {isa = PBXBuildFile; fileRef = D828285C253724C400E5F665 /* SceneDelegate.swift */; };
		D828285F253724C400E5F665 /* ViewController.swift in Sources */ = {isa = PBXBuildFile; fileRef = D828285E253724C400E5F665 /* ViewController.swift */; };
		D8282862253724C400E5F665 /* Main.storyboard in Resources */ = {isa = PBXBuildFile; fileRef = D8282860253724C400E5F665 /* Main.storyboard */; };
		D8282865253724C400E5F665 /* CoreDataDemo.xcdatamodeld in Sources */ = {isa = PBXBuildFile; fileRef = D8282863253724C400E5F665 /* CoreDataDemo.xcdatamodeld */; };
		D8282867253724C700E5F665 /* Assets.xcassets in Resources */ = {isa = PBXBuildFile; fileRef = D8282866253724C700E5F665 /* Assets.xcassets */; };
		D828286A253724C700E5F665 /* LaunchScreen.storyboard in Resources */ = {isa = PBXBuildFile; fileRef = D8282868253724C700E5F665 /* LaunchScreen.storyboard */; };
		D8282875253724C700E5F665 /* CoreDataDemoTests.swift in Sources */ = {isa = PBXBuildFile; fileRef = D8282874253724C700E5F665 /* CoreDataDemoTests.swift */; };
		D8282880253724C700E5F665 /* CoreDataDemoUITests.swift in Sources */ = {isa = PBXBuildFile; fileRef = D828287F253724C700E5F665 /* CoreDataDemoUITests.swift */; };
		D828288F2537267900E5F665 /* Person+CoreDataClass.swift in Sources */ = {isa = PBXBuildFile; fileRef = D828288D2537267900E5F665 /* Person+CoreDataClass.swift */; };
		D828289425373B2800E5F665 /* Family+CoreDataClass.swift in Sources */ = {isa = PBXBuildFile; fileRef = D828289225373B2800E5F665 /* Family+CoreDataClass.swift */; };
/* End PBXBuildFile section */

/* Begin PBXContainerItemProxy section */
		D8282871253724C700E5F665 /* PBXContainerItemProxy */ = {
			isa = PBXContainerItemProxy;
			containerPortal = D828284F253724C400E5F665 /* Project object */;
			proxyType = 1;
			remoteGlobalIDString = D8282856253724C400E5F665;
			remoteInfo = CoreDataDemo;
		};
		D828287C253724C700E5F665 /* PBXContainerItemProxy */ = {
			isa = PBXContainerItemProxy;
			containerPortal = D828284F253724C400E5F665 /* Project object */;
			proxyType = 1;
			remoteGlobalIDString = D8282856253724C400E5F665;
			remoteInfo = CoreDataDemo;
		};
/* End PBXContainerItemProxy section */

/* Begin PBXFileReference section */
		D8282857253724C400E5F665 /* CoreDataDemo.app */ = {isa = PBXFileReference; explicitFileType = wrapper.application; includeInIndex = 0; path = CoreDataDemo.app; sourceTree = BUILT_PRODUCTS_DIR; };
		D828285A253724C400E5F665 /* AppDelegate.swift */ = {isa = PBXFileReference; lastKnownFileType = sourcecode.swift; path = AppDelegate.swift; sourceTree = "<group>"; };
		D828285C253724C400E5F665 /* SceneDelegate.swift */ = {isa = PBXFileReference; lastKnownFileType = sourcecode.swift; path = SceneDelegate.swift; sourceTree = "<group>"; };
		D828285E253724C400E5F665 /* ViewController.swift */ = {isa = PBXFileReference; lastKnownFileType = sourcecode.swift; path = ViewController.swift; sourceTree = "<group>"; };
		D8282861253724C400E5F665 /* Base */ = {isa = PBXFileReference; lastKnownFileType = file.storyboard; name = Base; path = Base.lproj/Main.storyboard; sourceTree = "<group>"; };
		D8282864253724C400E5F665 /* CoreDataDemo.xcdatamodel */ = {isa = PBXFileReference; lastKnownFileType = wrapper.xcdatamodel; path = CoreDataDemo.xcdatamodel; sourceTree = "<group>"; };
		D8282866253724C700E5F665 /* Assets.xcassets */ = {isa = PBXFileReference; lastKnownFileType = folder.assetcatalog; path = Assets.xcassets; sourceTree = "<group>"; };
		D8282869253724C700E5F665 /* Base */ = {isa = PBXFileReference; lastKnownFileType = file.storyboard; name = Base; path = Base.lproj/LaunchScreen.storyboard; sourceTree = "<group>"; };
		D828286B253724C700E5F665 /* Info.plist */ = {isa = PBXFileReference; lastKnownFileType = text.plist.xml; path = Info.plist; sourceTree = "<group>"; };
		D8282870253724C700E5F665 /* CoreDataDemoTests.xctest */ = {isa = PBXFileReference; explicitFileType = wrapper.cfbundle; includeInIndex = 0; path = CoreDataDemoTests.xctest; sourceTree = BUILT_PRODUCTS_DIR; };
		D8282874253724C700E5F665 /* CoreDataDemoTests.swift */ = {isa = PBXFileReference; lastKnownFileType = sourcecode.swift; path = CoreDataDemoTests.swift; sourceTree = "<group>"; };
		D8282876253724C700E5F665 /* Info.plist */ = {isa = PBXFileReference; lastKnownFileType = text.plist.xml; path = Info.plist; sourceTree = "<group>"; };
		D828287B253724C700E5F665 /* CoreDataDemoUITests.xctest */ = {isa = PBXFileReference; explicitFileType = wrapper.cfbundle; includeInIndex = 0; path = CoreDataDemoUITests.xctest; sourceTree = BUILT_PRODUCTS_DIR; };
		D828287F253724C700E5F665 /* CoreDataDemoUITests.swift */ = {isa = PBXFileReference; lastKnownFileType = sourcecode.swift; path = CoreDataDemoUITests.swift; sourceTree = "<group>"; };
		D8282881253724C700E5F665 /* Info.plist */ = {isa = PBXFileReference; lastKnownFileType = text.plist.xml; path = Info.plist; sourceTree = "<group>"; };
		D828288D2537267900E5F665 /* Person+CoreDataClass.swift */ = {isa = PBXFileReference; lastKnownFileType = sourcecode.swift; path = "Person+CoreDataClass.swift"; sourceTree = "<group>"; };
		D828289225373B2800E5F665 /* Family+CoreDataClass.swift */ = {isa = PBXFileReference; lastKnownFileType = sourcecode.swift; path = "Family+CoreDataClass.swift"; sourceTree = "<group>"; };
/* End PBXFileReference section */

/* Begin PBXFrameworksBuildPhase section */
		D8282854253724C400E5F665 /* Frameworks */ = {
			isa = PBXFrameworksBuildPhase;
			buildActionMask = 2147483647;
			files = (
			);
			runOnlyForDeploymentPostprocessing = 0;
		};
		D828286D253724C700E5F665 /* Frameworks */ = {
			isa = PBXFrameworksBuildPhase;
			buildActionMask = 2147483647;
			files = (
			);
			runOnlyForDeploymentPostprocessing = 0;
		};
		D8282878253724C700E5F665 /* Frameworks */ = {
			isa = PBXFrameworksBuildPhase;
			buildActionMask = 2147483647;
			files = (
			);
			runOnlyForDeploymentPostprocessing = 0;
		};
/* End PBXFrameworksBuildPhase section */

/* Begin PBXGroup section */
		D828284E253724C400E5F665 = {
			isa = PBXGroup;
			children = (
				D8282859253724C400E5F665 /* CoreDataDemo */,
				D8282873253724C700E5F665 /* CoreDataDemoTests */,
				D828287E253724C700E5F665 /* CoreDataDemoUITests */,
				D8282858253724C400E5F665 /* Products */,
			);
			sourceTree = "<group>";
		};
		D8282858253724C400E5F665 /* Products */ = {
			isa = PBXGroup;
			children = (
				D8282857253724C400E5F665 /* CoreDataDemo.app */,
				D8282870253724C700E5F665 /* CoreDataDemoTests.xctest */,
				D828287B253724C700E5F665 /* CoreDataDemoUITests.xctest */,
			);
			name = Products;
			sourceTree = "<group>";
		};
		D8282859253724C400E5F665 /* CoreDataDemo */ = {
			isa = PBXGroup;
			children = (
				D82828912537268500E5F665 /* Model */,
				D828285A253724C400E5F665 /* AppDelegate.swift */,
				D828285C253724C400E5F665 /* SceneDelegate.swift */,
				D828285E253724C400E5F665 /* ViewController.swift */,
				D8282860253724C400E5F665 /* Main.storyboard */,
				D8282866253724C700E5F665 /* Assets.xcassets */,
				D8282868253724C700E5F665 /* LaunchScreen.storyboard */,
				D828286B253724C700E5F665 /* Info.plist */,
				D8282863253724C400E5F665 /* CoreDataDemo.xcdatamodeld */,
			);
			path = CoreDataDemo;
			sourceTree = "<group>";
		};
		D8282873253724C700E5F665 /* CoreDataDemoTests */ = {
			isa = PBXGroup;
			children = (
				D8282874253724C700E5F665 /* CoreDataDemoTests.swift */,
				D8282876253724C700E5F665 /* Info.plist */,
			);
			path = CoreDataDemoTests;
			sourceTree = "<group>";
		};
		D828287E253724C700E5F665 /* CoreDataDemoUITests */ = {
			isa = PBXGroup;
			children = (
				D828287F253724C700E5F665 /* CoreDataDemoUITests.swift */,
				D8282881253724C700E5F665 /* Info.plist */,
			);
			path = CoreDataDemoUITests;
			sourceTree = "<group>";
		};
		D82828912537268500E5F665 /* Model */ = {
			isa = PBXGroup;
			children = (
				D828289225373B2800E5F665 /* Family+CoreDataClass.swift */,
				D828288D2537267900E5F665 /* Person+CoreDataClass.swift */,
			);
			path = Model;
			sourceTree = "<group>";
		};
/* End PBXGroup section */

/* Begin PBXNativeTarget section */
		D8282856253724C400E5F665 /* CoreDataDemo */ = {
			isa = PBXNativeTarget;
			buildConfigurationList = D8282884253724C700E5F665 /* Build configuration list for PBXNativeTarget "CoreDataDemo" */;
			buildPhases = (
				D8282853253724C400E5F665 /* Sources */,
				D8282854253724C400E5F665 /* Frameworks */,
				D8282855253724C400E5F665 /* Resources */,
			);
			buildRules = (
			);
			dependencies = (
			);
			name = CoreDataDemo;
			productName = CoreDataDemo;
			productReference = D8282857253724C400E5F665 /* CoreDataDemo.app */;
			productType = "com.apple.product-type.application";
		};
		D828286F253724C700E5F665 /* CoreDataDemoTests */ = {
			isa = PBXNativeTarget;
			buildConfigurationList = D8282887253724C700E5F665 /* Build configuration list for PBXNativeTarget "CoreDataDemoTests" */;
			buildPhases = (
				D828286C253724C700E5F665 /* Sources */,
				D828286D253724C700E5F665 /* Frameworks */,
				D828286E253724C700E5F665 /* Resources */,
			);
			buildRules = (
			);
			dependencies = (
				D8282872253724C700E5F665 /* PBXTargetDependency */,
			);
			name = CoreDataDemoTests;
			productName = CoreDataDemoTests;
			productReference = D8282870253724C700E5F665 /* CoreDataDemoTests.xctest */;
			productType = "com.apple.product-type.bundle.unit-test";
		};
		D828287A253724C700E5F665 /* CoreDataDemoUITests */ = {
			isa = PBXNativeTarget;
			buildConfigurationList = D828288A253724C700E5F665 /* Build configuration list for PBXNativeTarget "CoreDataDemoUITests" */;
			buildPhases = (
				D8282877253724C700E5F665 /* Sources */,
				D8282878253724C700E5F665 /* Frameworks */,
				D8282879253724C700E5F665 /* Resources */,
			);
			buildRules = (
			);
			dependencies = (
				D828287D253724C700E5F665 /* PBXTargetDependency */,
			);
			name = CoreDataDemoUITests;
			productName = CoreDataDemoUITests;
			productReference = D828287B253724C700E5F665 /* CoreDataDemoUITests.xctest */;
			productType = "com.apple.product-type.bundle.ui-testing";
		};
/* End PBXNativeTarget section */

/* Begin PBXProject section */
		D828284F253724C400E5F665 /* Project object */ = {
			isa = PBXProject;
			attributes = {
				LastSwiftUpdateCheck = 1170;
				LastUpgradeCheck = 1170;
				ORGANIZATIONNAME = academy;
				TargetAttributes = {
					D8282856253724C400E5F665 = {
						CreatedOnToolsVersion = 11.7;
					};
					D828286F253724C700E5F665 = {
						CreatedOnToolsVersion = 11.7;
						TestTargetID = D8282856253724C400E5F665;
					};
					D828287A253724C700E5F665 = {
						CreatedOnToolsVersion = 11.7;
						TestTargetID = D8282856253724C400E5F665;
					};
				};
			};
			buildConfigurationList = D8282852253724C400E5F665 /* Build configuration list for PBXProject "CoreDataDemo" */;
			compatibilityVersion = "Xcode 9.3";
			developmentRegion = en;
			hasScannedForEncodings = 0;
			knownRegions = (
				en,
				Base,
			);
			mainGroup = D828284E253724C400E5F665;
			productRefGroup = D8282858253724C400E5F665 /* Products */;
			projectDirPath = "";
			projectRoot = "";
			targets = (
				D8282856253724C400E5F665 /* CoreDataDemo */,
				D828286F253724C700E5F665 /* CoreDataDemoTests */,
				D828287A253724C700E5F665 /* CoreDataDemoUITests */,
			);
		};
/* End PBXProject section */

/* Begin PBXResourcesBuildPhase section */
		D8282855253724C400E5F665 /* Resources */ = {
			isa = PBXResourcesBuildPhase;
			buildActionMask = 2147483647;
			files = (
				D828286A253724C700E5F665 /* LaunchScreen.storyboard in Resources */,
				D8282867253724C700E5F665 /* Assets.xcassets in Resources */,
				D8282862253724C400E5F665 /* Main.storyboard in Resources */,
			);
			runOnlyForDeploymentPostprocessing = 0;
		};
		D828286E253724C700E5F665 /* Resources */ = {
			isa = PBXResourcesBuildPhase;
			buildActionMask = 2147483647;
			files = (
			);
			runOnlyForDeploymentPostprocessing = 0;
		};
		D8282879253724C700E5F665 /* Resources */ = {
			isa = PBXResourcesBuildPhase;
			buildActionMask = 2147483647;
			files = (
			);
			runOnlyForDeploymentPostprocessing = 0;
		};
/* End PBXResourcesBuildPhase section */

/* Begin PBXSourcesBuildPhase section */
		D8282853253724C400E5F665 /* Sources */ = {
			isa = PBXSourcesBuildPhase;
			buildActionMask = 2147483647;
			files = (
				D828285F253724C400E5F665 /* ViewController.swift in Sources */,
				D828289425373B2800E5F665 /* Family+CoreDataClass.swift in Sources */,
				D8282865253724C400E5F665 /* CoreDataDemo.xcdatamodeld in Sources */,
				D828288F2537267900E5F665 /* Person+CoreDataClass.swift in Sources */,
				D828285B253724C400E5F665 /* AppDelegate.swift in Sources */,
				D828285D253724C400E5F665 /* SceneDelegate.swift in Sources */,
			);
			runOnlyForDeploymentPostprocessing = 0;
		};
		D828286C253724C700E5F665 /* Sources */ = {
			isa = PBXSourcesBuildPhase;
			buildActionMask = 2147483647;
			files = (
				D8282875253724C700E5F665 /* CoreDataDemoTests.swift in Sources */,
			);
			runOnlyForDeploymentPostprocessing = 0;
		};
		D8282877253724C700E5F665 /* Sources */ = {
			isa = PBXSourcesBuildPhase;
			buildActionMask = 2147483647;
			files = (
				D8282880253724C700E5F665 /* CoreDataDemoUITests.swift in Sources */,
			);
			runOnlyForDeploymentPostprocessing = 0;
		};
/* End PBXSourcesBuildPhase section */

/* Begin PBXTargetDependency section */
		D8282872253724C700E5F665 /* PBXTargetDependency */ = {
			isa = PBXTargetDependency;
			target = D8282856253724C400E5F665 /* CoreDataDemo */;
			targetProxy = D8282871253724C700E5F665 /* PBXContainerItemProxy */;
		};
		D828287D253724C700E5F665 /* PBXTargetDependency */ = {
			isa = PBXTargetDependency;
			target = D8282856253724C400E5F665 /* CoreDataDemo */;
			targetProxy = D828287C253724C700E5F665 /* PBXContainerItemProxy */;
		};
/* End PBXTargetDependency section */

/* Begin PBXVariantGroup section */
		D8282860253724C400E5F665 /* Main.storyboard */ = {
			isa = PBXVariantGroup;
			children = (
				D8282861253724C400E5F665 /* Base */,
			);
			name = Main.storyboard;
			sourceTree = "<group>";
		};
		D8282868253724C700E5F665 /* LaunchScreen.storyboard */ = {
			isa = PBXVariantGroup;
			children = (
				D8282869253724C700E5F665 /* Base */,
			);
			name = LaunchScreen.storyboard;
			sourceTree = "<group>";
		};
/* End PBXVariantGroup section */

/* Begin XCBuildConfiguration section */
		D8282882253724C700E5F665 /* Debug */ = {
			isa = XCBuildConfiguration;
			buildSettings = {
				ALWAYS_SEARCH_USER_PATHS = NO;
				CLANG_ANALYZER_NONNULL = YES;
				CLANG_ANALYZER_NUMBER_OBJECT_CONVERSION = YES_AGGRESSIVE;
				CLANG_CXX_LANGUAGE_STANDARD = "gnu++14";
				CLANG_CXX_LIBRARY = "libc++";
				CLANG_ENABLE_MODULES = YES;
				CLANG_ENABLE_OBJC_ARC = YES;
				CLANG_ENABLE_OBJC_WEAK = YES;
				CLANG_WARN_BLOCK_CAPTURE_AUTORELEASING = YES;
				CLANG_WARN_BOOL_CONVERSION = YES;
				CLANG_WARN_COMMA = YES;
				CLANG_WARN_CONSTANT_CONVERSION = YES;
				CLANG_WARN_DEPRECATED_OBJC_IMPLEMENTATIONS = YES;
				CLANG_WARN_DIRECT_OBJC_ISA_USAGE = YES_ERROR;
				CLANG_WARN_DOCUMENTATION_COMMENTS = YES;
				CLANG_WARN_EMPTY_BODY = YES;
				CLANG_WARN_ENUM_CONVERSION = YES;
				CLANG_WARN_INFINITE_RECURSION = YES;
				CLANG_WARN_INT_CONVERSION = YES;
				CLANG_WARN_NON_LITERAL_NULL_CONVERSION = YES;
				CLANG_WARN_OBJC_IMPLICIT_RETAIN_SELF = YES;
				CLANG_WARN_OBJC_LITERAL_CONVERSION = YES;
				CLANG_WARN_OBJC_ROOT_CLASS = YES_ERROR;
				CLANG_WARN_RANGE_LOOP_ANALYSIS = YES;
				CLANG_WARN_STRICT_PROTOTYPES = YES;
				CLANG_WARN_SUSPICIOUS_MOVE = YES;
				CLANG_WARN_UNGUARDED_AVAILABILITY = YES_AGGRESSIVE;
				CLANG_WARN_UNREACHABLE_CODE = YES;
				CLANG_WARN__DUPLICATE_METHOD_MATCH = YES;
				COPY_PHASE_STRIP = NO;
				DEBUG_INFORMATION_FORMAT = dwarf;
				ENABLE_STRICT_OBJC_MSGSEND = YES;
				ENABLE_TESTABILITY = YES;
				GCC_C_LANGUAGE_STANDARD = gnu11;
				GCC_DYNAMIC_NO_PIC = NO;
				GCC_NO_COMMON_BLOCKS = YES;
				GCC_OPTIMIZATION_LEVEL = 0;
				GCC_PREPROCESSOR_DEFINITIONS = (
					"DEBUG=1",
					"$(inherited)",
				);
				GCC_WARN_64_TO_32_BIT_CONVERSION = YES;
				GCC_WARN_ABOUT_RETURN_TYPE = YES_ERROR;
				GCC_WARN_UNDECLARED_SELECTOR = YES;
				GCC_WARN_UNINITIALIZED_AUTOS = YES_AGGRESSIVE;
				GCC_WARN_UNUSED_FUNCTION = YES;
				GCC_WARN_UNUSED_VARIABLE = YES;
				IPHONEOS_DEPLOYMENT_TARGET = 13.7;
				MTL_ENABLE_DEBUG_INFO = INCLUDE_SOURCE;
				MTL_FAST_MATH = YES;
				ONLY_ACTIVE_ARCH = YES;
				SDKROOT = iphoneos;
				SWIFT_ACTIVE_COMPILATION_CONDITIONS = DEBUG;
				SWIFT_OPTIMIZATION_LEVEL = "-Onone";
			};
			name = Debug;
		};
		D8282883253724C700E5F665 /* Release */ = {
			isa = XCBuildConfiguration;
			buildSettings = {
				ALWAYS_SEARCH_USER_PATHS = NO;
				CLANG_ANALYZER_NONNULL = YES;
				CLANG_ANALYZER_NUMBER_OBJECT_CONVERSION = YES_AGGRESSIVE;
				CLANG_CXX_LANGUAGE_STANDARD = "gnu++14";
				CLANG_CXX_LIBRARY = "libc++";
				CLANG_ENABLE_MODULES = YES;
				CLANG_ENABLE_OBJC_ARC = YES;
				CLANG_ENABLE_OBJC_WEAK = YES;
				CLANG_WARN_BLOCK_CAPTURE_AUTORELEASING = YES;
				CLANG_WARN_BOOL_CONVERSION = YES;
				CLANG_WARN_COMMA = YES;
				CLANG_WARN_CONSTANT_CONVERSION = YES;
				CLANG_WARN_DEPRECATED_OBJC_IMPLEMENTATIONS = YES;
				CLANG_WARN_DIRECT_OBJC_ISA_USAGE = YES_ERROR;
				CLANG_WARN_DOCUMENTATION_COMMENTS = YES;
				CLANG_WARN_EMPTY_BODY = YES;
				CLANG_WARN_ENUM_CONVERSION = YES;
				CLANG_WARN_INFINITE_RECURSION = YES;
				CLANG_WARN_INT_CONVERSION = YES;
				CLANG_WARN_NON_LITERAL_NULL_CONVERSION = YES;
				CLANG_WARN_OBJC_IMPLICIT_RETAIN_SELF = YES;
				CLANG_WARN_OBJC_LITERAL_CONVERSION = YES;
				CLANG_WARN_OBJC_ROOT_CLASS = YES_ERROR;
				CLANG_WARN_RANGE_LOOP_ANALYSIS = YES;
				CLANG_WARN_STRICT_PROTOTYPES = YES;
				CLANG_WARN_SUSPICIOUS_MOVE = YES;
				CLANG_WARN_UNGUARDED_AVAILABILITY = YES_AGGRESSIVE;
				CLANG_WARN_UNREACHABLE_CODE = YES;
				CLANG_WARN__DUPLICATE_METHOD_MATCH = YES;
				COPY_PHASE_STRIP = NO;
				DEBUG_INFORMATION_FORMAT = "dwarf-with-dsym";
				ENABLE_NS_ASSERTIONS = NO;
				ENABLE_STRICT_OBJC_MSGSEND = YES;
				GCC_C_LANGUAGE_STANDARD = gnu11;
				GCC_NO_COMMON_BLOCKS = YES;
				GCC_WARN_64_TO_32_BIT_CONVERSION = YES;
				GCC_WARN_ABOUT_RETURN_TYPE = YES_ERROR;
				GCC_WARN_UNDECLARED_SELECTOR = YES;
				GCC_WARN_UNINITIALIZED_AUTOS = YES_AGGRESSIVE;
				GCC_WARN_UNUSED_FUNCTION = YES;
				GCC_WARN_UNUSED_VARIABLE = YES;
				IPHONEOS_DEPLOYMENT_TARGET = 13.7;
				MTL_ENABLE_DEBUG_INFO = NO;
				MTL_FAST_MATH = YES;
				SDKROOT = iphoneos;
				SWIFT_COMPILATION_MODE = wholemodule;
				SWIFT_OPTIMIZATION_LEVEL = "-O";
				VALIDATE_PRODUCT = YES;
			};
			name = Release;
		};
		D8282885253724C700E5F665 /* Debug */ = {
			isa = XCBuildConfiguration;
			buildSettings = {
				ASSETCATALOG_COMPILER_APPICON_NAME = AppIcon;
				CODE_SIGN_STYLE = Automatic;
				DEVELOPMENT_TEAM = 2V8P924DLJ;
				INFOPLIST_FILE = CoreDataDemo/Info.plist;
				LD_RUNPATH_SEARCH_PATHS = (
					"$(inherited)",
					"@executable_path/Frameworks",
				);
				PRODUCT_BUNDLE_IDENTIFIER = academy.CoreDataDemo;
				PRODUCT_NAME = "$(TARGET_NAME)";
				SWIFT_VERSION = 5.0;
				TARGETED_DEVICE_FAMILY = "1,2";
			};
			name = Debug;
		};
		D8282886253724C700E5F665 /* Release */ = {
			isa = XCBuildConfiguration;
			buildSettings = {
				ASSETCATALOG_COMPILER_APPICON_NAME = AppIcon;
				CODE_SIGN_STYLE = Automatic;
				DEVELOPMENT_TEAM = 2V8P924DLJ;
				INFOPLIST_FILE = CoreDataDemo/Info.plist;
				LD_RUNPATH_SEARCH_PATHS = (
					"$(inherited)",
					"@executable_path/Frameworks",
				);
				PRODUCT_BUNDLE_IDENTIFIER = academy.CoreDataDemo;
				PRODUCT_NAME = "$(TARGET_NAME)";
				SWIFT_VERSION = 5.0;
				TARGETED_DEVICE_FAMILY = "1,2";
			};
			name = Release;
		};
		D8282888253724C700E5F665 /* Debug */ = {
			isa = XCBuildConfiguration;
			buildSettings = {
				ALWAYS_EMBED_SWIFT_STANDARD_LIBRARIES = YES;
				BUNDLE_LOADER = "$(TEST_HOST)";
				CODE_SIGN_STYLE = Automatic;
				DEVELOPMENT_TEAM = 2V8P924DLJ;
				INFOPLIST_FILE = CoreDataDemoTests/Info.plist;
				IPHONEOS_DEPLOYMENT_TARGET = 13.7;
				LD_RUNPATH_SEARCH_PATHS = (
					"$(inherited)",
					"@executable_path/Frameworks",
					"@loader_path/Frameworks",
				);
				PRODUCT_BUNDLE_IDENTIFIER = academy.CoreDataDemoTests;
				PRODUCT_NAME = "$(TARGET_NAME)";
				SWIFT_VERSION = 5.0;
				TARGETED_DEVICE_FAMILY = "1,2";
				TEST_HOST = "$(BUILT_PRODUCTS_DIR)/CoreDataDemo.app/CoreDataDemo";
			};
			name = Debug;
		};
		D8282889253724C700E5F665 /* Release */ = {
			isa = XCBuildConfiguration;
			buildSettings = {
				ALWAYS_EMBED_SWIFT_STANDARD_LIBRARIES = YES;
				BUNDLE_LOADER = "$(TEST_HOST)";
				CODE_SIGN_STYLE = Automatic;
				DEVELOPMENT_TEAM = 2V8P924DLJ;
				INFOPLIST_FILE = CoreDataDemoTests/Info.plist;
				IPHONEOS_DEPLOYMENT_TARGET = 13.7;
				LD_RUNPATH_SEARCH_PATHS = (
					"$(inherited)",
					"@executable_path/Frameworks",
					"@loader_path/Frameworks",
				);
				PRODUCT_BUNDLE_IDENTIFIER = academy.CoreDataDemoTests;
				PRODUCT_NAME = "$(TARGET_NAME)";
				SWIFT_VERSION = 5.0;
				TARGETED_DEVICE_FAMILY = "1,2";
				TEST_HOST = "$(BUILT_PRODUCTS_DIR)/CoreDataDemo.app/CoreDataDemo";
			};
			name = Release;
		};
		D828288B253724C700E5F665 /* Debug */ = {
			isa = XCBuildConfiguration;
			buildSettings = {
				ALWAYS_EMBED_SWIFT_STANDARD_LIBRARIES = YES;
				CODE_SIGN_STYLE = Automatic;
				DEVELOPMENT_TEAM = 2V8P924DLJ;
				INFOPLIST_FILE = CoreDataDemoUITests/Info.plist;
				LD_RUNPATH_SEARCH_PATHS = (
					"$(inherited)",
					"@executable_path/Frameworks",
					"@loader_path/Frameworks",
				);
				PRODUCT_BUNDLE_IDENTIFIER = academy.CoreDataDemoUITests;
				PRODUCT_NAME = "$(TARGET_NAME)";
				SWIFT_VERSION = 5.0;
				TARGETED_DEVICE_FAMILY = "1,2";
				TEST_TARGET_NAME = CoreDataDemo;
			};
			name = Debug;
		};
		D828288C253724C700E5F665 /* Release */ = {
			isa = XCBuildConfiguration;
			buildSettings = {
				ALWAYS_EMBED_SWIFT_STANDARD_LIBRARIES = YES;
				CODE_SIGN_STYLE = Automatic;
				DEVELOPMENT_TEAM = 2V8P924DLJ;
				INFOPLIST_FILE = CoreDataDemoUITests/Info.plist;
				LD_RUNPATH_SEARCH_PATHS = (
					"$(inherited)",
					"@executable_path/Frameworks",
					"@loader_path/Frameworks",
				);
				PRODUCT_BUNDLE_IDENTIFIER = academy.CoreDataDemoUITests;
				PRODUCT_NAME = "$(TARGET_NAME)";
				SWIFT_VERSION = 5.0;
				TARGETED_DEVICE_FAMILY = "1,2";
				TEST_TARGET_NAME = CoreDataDemo;
			};
			name = Release;
		};
/* End XCBuildConfiguration section */

/* Begin XCConfigurationList section */
		D8282852253724C400E5F665 /* Build configuration list for PBXProject "CoreDataDemo" */ = {
			isa = XCConfigurationList;
			buildConfigurations = (
				D8282882253724C700E5F665 /* Debug */,
				D8282883253724C700E5F665 /* Release */,
			);
			defaultConfigurationIsVisible = 0;
			defaultConfigurationName = Release;
		};
		D8282884253724C700E5F665 /* Build configuration list for PBXNativeTarget "CoreDataDemo" */ = {
			isa = XCConfigurationList;
			buildConfigurations = (
				D8282885253724C700E5F665 /* Debug */,
				D8282886253724C700E5F665 /* Release */,
			);
			defaultConfigurationIsVisible = 0;
			defaultConfigurationName = Release;
		};
		D8282887253724C700E5F665 /* Build configuration list for PBXNativeTarget "CoreDataDemoTests" */ = {
			isa = XCConfigurationList;
			buildConfigurations = (
				D8282888253724C700E5F665 /* Debug */,
				D8282889253724C700E5F665 /* Release */,
			);
			defaultConfigurationIsVisible = 0;
			defaultConfigurationName = Release;
		};
		D828288A253724C700E5F665 /* Build configuration list for PBXNativeTarget "CoreDataDemoUITests" */ = {
			isa = XCConfigurationList;
			buildConfigurations = (
				D828288B253724C700E5F665 /* Debug */,
				D828288C253724C700E5F665 /* Release */,
			);
			defaultConfigurationIsVisible = 0;
			defaultConfigurationName = Release;
		};
/* End XCConfigurationList section */

/* Begin XCVersionGroup section */
		D8282863253724C400E5F665 /* CoreDataDemo.xcdatamodeld */ = {
			isa = XCVersionGroup;
			children = (
				D8282864253724C400E5F665 /* CoreDataDemo.xcdatamodel */,
			);
			currentVersion = D8282864253724C400E5F665 /* CoreDataDemo.xcdatamodel */;
			path = CoreDataDemo.xcdatamodeld;
			sourceTree = "<group>";
			versionGroupType = wrapper.xcdatamodel;
		};
/* End XCVersionGroup section */
	};
	rootObject = D828284F253724C400E5F665 /* Project object */;
}
